
Microsoft Visual Studio Solution File, Format Version 12.00
# Visual Studio Version 16
VisualStudioVersion = 16.0.33214.272
MinimumVisualStudioVersion = 10.0.40219.1
Project("{FAE04EC0-301F-11D3-BF4B-00C04F79EFBC}") = "aula02", "aula02\aula02.csproj", "{DC088077-F900-4FFB-941E-8C5557579BEE}"
EndProject
Global
	GlobalSection(SolutionConfigurationPlatforms) = preSolution
		Debug|Any CPU = Debug|Any CPU
		Release|Any CPU = Release|Any CPU
	EndGlobalSection
	GlobalSection(ProjectConfigurationPlatforms) = postSolution
		{DC088077-F900-4FFB-941E-8C5557579BEE}.Debug|Any CPU.ActiveCfg = Debug|Any CPU
		{DC088077-F900-4FFB-941E-8C5557579BEE}.Debug|Any CPU.Build.0 = Debug|Any CPU
		{DC088077-F900-4FFB-941E-8C5557579BEE}.Release|Any CPU.ActiveCfg = Release|Any CPU
		{DC088077-F900-4FFB-941E-8C5557579BEE}.Release|Any CPU.Build.0 = Release|Any CPU
	EndGlobalSection
	GlobalSection(SolutionProperties) = preSolution
		HideSolutionNode = FALSE
	EndGlobalSection
	GlobalSection(ExtensibilityGlobals) = postSolution
		SolutionGuid = {673A7B1A-CB3B-4DDC-AEDB-9CB0F2E152AA}
	EndGlobalSection
EndGlobal
